<?xml version="1.0" encoding="utf-8"?>
<Project ToolsVersion="4.0" xmlns="http://schemas.microsoft.com/developer/msbuild/2003">
  <ItemGroup>
    <Filter Include="Editor">
      <UniqueIdentifier>{e5dc8a3a-3a0d-45d7-a154-acdd206bd0bb}</UniqueIdentifier>
    </Filter>
    <Filter Include="Runtime">
      <UniqueIdentifier>{4beb0006-c87b-4b6f-a757-623e8cc7d587}</UniqueIdentifier>
    </Filter>
    <Filter Include="Features">
      <UniqueIdentifier>{57acfb37-359f-46b5-a124-581272b0aebd}</UniqueIdentifier>
    </Filter>
    <Filter Include="Runtime\Common">
      <UniqueIdentifier>{51b1ca1d-8a80-475b-97ce-7e27992dcc7d}</UniqueIdentifier>
    </Filter>
    <Filter Include="Runtime\Resources">
      <UniqueIdentifier>{8834fc7d-174e-430a-8068-c7495177e78d}</UniqueIdentifier>
    </Filter>
    <Filter Include="Runtime\Application">
      <UniqueIdentifier>{f2db45bd-1f14-4037-9355-dc96335c3f38}</UniqueIdentifier>
    </Filter>
  </ItemGroup>
  <ItemGroup>
    <ClCompile Include="Sources\Editor\Main.cpp">
      <Filter>Editor</Filter>
    </ClCompile>
  </ItemGroup>
</Project>